<?xml version="1.0" encoding="UTF-8" standalone="yes" ?>
<CodeBlocks_project_file>
	<FileVersion major="1" minor="6" />
	<Project>
		<Option title="QuestPlateformer" />
		<Option pch_mode="2" />
		<Option compiler="gcc" />
		<Build>
			<Target title="Debug">
				<Option output="bin/Debug/QuestPlateformer" prefix_auto="1" extension_auto="1" />
				<Option object_output="obj/Debug/" />
				<Option type="1" />
				<Option compiler="gcc" />
				<Compiler>
					<Add option="-g" />
					<Add directory="include" />
				</Compiler>
				<Linker>
					<Add library="sfml-graphics-d" />
					<Add library="sfml-window-d" />
					<Add library="sfml-audio-d" />
					<Add library="sfml-system-d" />
				</Linker>
			</Target>
			<Target title="Release">
				<Option output="bin/Release/QuestPlateformer" prefix_auto="1" extension_auto="1" />
				<Option object_output="obj/Release/" />
				<Option type="0" />
				<Option compiler="gcc" />
				<Compiler>
					<Add option="-O2" />
					<Add directory="include" />
				</Compiler>
				<Linker>
					<Add option="-s" />
					<Add library="sfml-graphics" />
					<Add library="sfml-window" />
					<Add library="sfml-audio" />
					<Add library="sfml-system" />
				</Linker>
			</Target>
		</Build>
		<Compiler>
			<Add option="-Wall" />
			<Add directory="C:/SDL/SFML-2.5.1/include" />
		</Compiler>
		<Linker>
			<Add library="mingw32" />
			<Add library="user32" />
			<Add library="gdi32" />
			<Add library="winmm" />
			<Add library="dxguid" />
			<Add directory="C:/SDL/SFML-2.5.1/lib" />
		</Linker>
		<Unit filename="include/Collision.h" />
		<Unit filename="include/coin.h" />
		<Unit filename="include/coinContainer.h" />
		<Unit filename="include/fireball.h" />
		<Unit filename="include/fireballContainer.h" />
		<Unit filename="include/hud.h" />
		<Unit filename="include/map.h" />
		<Unit filename="include/menu.h" />
		<Unit filename="include/pickup.h" />
		<Unit filename="include/player.h" />
		<Unit filename="main.cpp" />
		<Unit filename="ressources/maps/map1.txt" />
		<Unit filename="ressources/maps/map1Config.txt" />
		<Unit filename="ressources/maps/map2.txt" />
		<Unit filename="ressources/maps/mapEnd.txt" />
		<Unit filename="src/Collision.cpp" />
		<Unit filename="src/coin.cpp" />
		<Unit filename="src/coinContainer.cpp" />
		<Unit filename="src/fireball.cpp" />
		<Unit filename="src/fireballContainer.cpp" />
		<Unit filename="src/hud.cpp" />
		<Unit filename="src/map.cpp" />
		<Unit filename="src/menu.cpp" />
		<Unit filename="src/pickup.cpp" />
		<Unit filename="src/player.cpp" />
		<Extensions>
			<lib_finder disable_auto="1" />
		</Extensions>
	</Project>
</CodeBlocks_project_file>
